
Microsoft Visual Studio Solution File, Format Version 12.00
# Visual Studio Version 16
VisualStudioVersion = 16.0.30711.63
MinimumVisualStudioVersion = 10.0.40219.1
Project("{FAE04EC0-301F-11D3-BF4B-00C04F79EFBC}") = "PR12-2-1", "PR12-2-1.csproj", "{94DD09F4-92F5-4D7F-90AD-93B73CCD7DB2}"
EndProject
Global
	GlobalSection(SolutionConfigurationPlatforms) = preSolution
		Debug|Any CPU = Debug|Any CPU
		Release|Any CPU = Release|Any CPU
	EndGlobalSection
	GlobalSection(ProjectConfigurationPlatforms) = postSolution
		{94DD09F4-92F5-4D7F-90AD-93B73CCD7DB2}.Debug|Any CPU.ActiveCfg = Debug|Any CPU
		{94DD09F4-92F5-4D7F-90AD-93B73CCD7DB2}.Debug|Any CPU.Build.0 = Debug|Any CPU
		{94DD09F4-92F5-4D7F-90AD-93B73CCD7DB2}.Release|Any CPU.ActiveCfg = Release|Any CPU
		{94DD09F4-92F5-4D7F-90AD-93B73CCD7DB2}.Release|Any CPU.Build.0 = Release|Any CPU
	EndGlobalSection
	GlobalSection(SolutionProperties) = preSolution
		HideSolutionNode = FALSE
	EndGlobalSection
	GlobalSection(ExtensibilityGlobals) = postSolution
		SolutionGuid = {6F1772D2-F9C8-4CE0-8E04-3444B82F8336}
	EndGlobalSection
EndGlobal
